
Microsoft Visual Studio Solution File, Format Version 12.00
# Visual Studio Version 16
VisualStudioVersion = 16.0.30611.23
MinimumVisualStudioVersion = 10.0.40219.1
Project("{9A19103F-16F7-4668-BE54-9A1E7A4F7556}") = "MySqlServerConnect", "MySqlServerConnect\MySqlServerConnect.csproj", "{69FD77BB-33E1-4FA2-B84E-902A76DE02D6}"
EndProject
Project("{FAE04EC0-301F-11D3-BF4B-00C04F79EFBC}") = "MySqlServerConnectTests", "MySqlServerConnectTests\MySqlServerConnectTests.csproj", "{7626AF22-C810-4026-B388-FD70D3D97CC6}"
EndProject
Global
	GlobalSection(SolutionConfigurationPlatforms) = preSolution
		Debug|Any CPU = Debug|Any CPU
		Release|Any CPU = Release|Any CPU
	EndGlobalSection
	GlobalSection(ProjectConfigurationPlatforms) = postSolution
		{69FD77BB-33E1-4FA2-B84E-902A76DE02D6}.Debug|Any CPU.ActiveCfg = Debug|Any CPU
		{69FD77BB-33E1-4FA2-B84E-902A76DE02D6}.Debug|Any CPU.Build.0 = Debug|Any CPU
		{69FD77BB-33E1-4FA2-B84E-902A76DE02D6}.Release|Any CPU.ActiveCfg = Release|Any CPU
		{69FD77BB-33E1-4FA2-B84E-902A76DE02D6}.Release|Any CPU.Build.0 = Release|Any CPU
		{7626AF22-C810-4026-B388-FD70D3D97CC6}.Debug|Any CPU.ActiveCfg = Debug|Any CPU
		{7626AF22-C810-4026-B388-FD70D3D97CC6}.Debug|Any CPU.Build.0 = Debug|Any CPU
		{7626AF22-C810-4026-B388-FD70D3D97CC6}.Release|Any CPU.ActiveCfg = Release|Any CPU
		{7626AF22-C810-4026-B388-FD70D3D97CC6}.Release|Any CPU.Build.0 = Release|Any CPU
	EndGlobalSection
	GlobalSection(SolutionProperties) = preSolution
		HideSolutionNode = FALSE
	EndGlobalSection
	GlobalSection(ExtensibilityGlobals) = postSolution
		SolutionGuid = {BB753F2A-9828-4B90-99CE-97ECC1846FE7}
	EndGlobalSection
EndGlobal
